
Microsoft Visual Studio Solution File, Format Version 12.00
Project("{2150E333-8FDC-42A3-9474-1A3956D46DE8}") = "src", "src", "{8C0E3382-2F07-4E20-A0A3-A9A6581E34E5}"
EndProject
Project("{FAE04EC0-301F-11D3-BF4B-00C04F79EFBC}") = "Domain", "src\Domain\Domain.csproj", "{D3317043-7371-4305-AB26-84990DD410AA}"
EndProject
Project("{FAE04EC0-301F-11D3-BF4B-00C04F79EFBC}") = "Application", "src\Application\Application.csproj", "{75668711-1D4B-415F-8AC2-9A37897886D9}"
EndProject
Project("{FAE04EC0-301F-11D3-BF4B-00C04F79EFBC}") = "Infrastructure", "src\Infrastructure\Infrastructure.csproj", "{0783301A-2AC5-4A9F-8F6D-3021B3F9BF1A}"
EndProject
Project("{FAE04EC0-301F-11D3-BF4B-00C04F79EFBC}") = "WebUI", "src\WebUI\WebUI.csproj", "{0D104767-75F1-436B-8507-AB8267132C65}"
EndProject
Project("{2150E333-8FDC-42A3-9474-1A3956D46DE8}") = "tests", "tests", "{D9E06895-679E-42A9-8C2C-1219E0442313}"
EndProject
Project("{FAE04EC0-301F-11D3-BF4B-00C04F79EFBC}") = "Domain.UnitTests", "tests\Domain.UnitTests\Domain.UnitTests.csproj", "{4877A7F5-91F6-4F7A-BD21-48E57BF53C32}"
EndProject
Project("{FAE04EC0-301F-11D3-BF4B-00C04F79EFBC}") = "Application.UnitTests", "tests\Application.UnitTests\Application.UnitTests.csproj", "{44268FBA-6233-4CA9-9AF2-BBA5B8FD0683}"
EndProject
Global
	GlobalSection(SolutionConfigurationPlatforms) = preSolution
		Debug|Any CPU = Debug|Any CPU
		Release|Any CPU = Release|Any CPU
	EndGlobalSection
	GlobalSection(NestedProjects) = preSolution
		{D3317043-7371-4305-AB26-84990DD410AA} = {8C0E3382-2F07-4E20-A0A3-A9A6581E34E5}
		{75668711-1D4B-415F-8AC2-9A37897886D9} = {8C0E3382-2F07-4E20-A0A3-A9A6581E34E5}
		{0783301A-2AC5-4A9F-8F6D-3021B3F9BF1A} = {8C0E3382-2F07-4E20-A0A3-A9A6581E34E5}
		{0D104767-75F1-436B-8507-AB8267132C65} = {8C0E3382-2F07-4E20-A0A3-A9A6581E34E5}
		{4877A7F5-91F6-4F7A-BD21-48E57BF53C32} = {D9E06895-679E-42A9-8C2C-1219E0442313}
		{44268FBA-6233-4CA9-9AF2-BBA5B8FD0683} = {D9E06895-679E-42A9-8C2C-1219E0442313}
	EndGlobalSection
	GlobalSection(ProjectConfigurationPlatforms) = postSolution
		{D3317043-7371-4305-AB26-84990DD410AA}.Debug|Any CPU.ActiveCfg = Debug|Any CPU
		{D3317043-7371-4305-AB26-84990DD410AA}.Debug|Any CPU.Build.0 = Debug|Any CPU
		{D3317043-7371-4305-AB26-84990DD410AA}.Release|Any CPU.ActiveCfg = Release|Any CPU
		{D3317043-7371-4305-AB26-84990DD410AA}.Release|Any CPU.Build.0 = Release|Any CPU
		{75668711-1D4B-415F-8AC2-9A37897886D9}.Debug|Any CPU.ActiveCfg = Debug|Any CPU
		{75668711-1D4B-415F-8AC2-9A37897886D9}.Debug|Any CPU.Build.0 = Debug|Any CPU
		{75668711-1D4B-415F-8AC2-9A37897886D9}.Release|Any CPU.ActiveCfg = Release|Any CPU
		{75668711-1D4B-415F-8AC2-9A37897886D9}.Release|Any CPU.Build.0 = Release|Any CPU
		{0783301A-2AC5-4A9F-8F6D-3021B3F9BF1A}.Debug|Any CPU.ActiveCfg = Debug|Any CPU
		{0783301A-2AC5-4A9F-8F6D-3021B3F9BF1A}.Debug|Any CPU.Build.0 = Debug|Any CPU
		{0783301A-2AC5-4A9F-8F6D-3021B3F9BF1A}.Release|Any CPU.ActiveCfg = Release|Any CPU
		{0783301A-2AC5-4A9F-8F6D-3021B3F9BF1A}.Release|Any CPU.Build.0 = Release|Any CPU
		{0D104767-75F1-436B-8507-AB8267132C65}.Debug|Any CPU.ActiveCfg = Debug|Any CPU
		{0D104767-75F1-436B-8507-AB8267132C65}.Debug|Any CPU.Build.0 = Debug|Any CPU
		{0D104767-75F1-436B-8507-AB8267132C65}.Release|Any CPU.ActiveCfg = Release|Any CPU
		{0D104767-75F1-436B-8507-AB8267132C65}.Release|Any CPU.Build.0 = Release|Any CPU
		{4877A7F5-91F6-4F7A-BD21-48E57BF53C32}.Debug|Any CPU.ActiveCfg = Debug|Any CPU
		{4877A7F5-91F6-4F7A-BD21-48E57BF53C32}.Debug|Any CPU.Build.0 = Debug|Any CPU
		{4877A7F5-91F6-4F7A-BD21-48E57BF53C32}.Release|Any CPU.ActiveCfg = Release|Any CPU
		{4877A7F5-91F6-4F7A-BD21-48E57BF53C32}.Release|Any CPU.Build.0 = Release|Any CPU
		{44268FBA-6233-4CA9-9AF2-BBA5B8FD0683}.Debug|Any CPU.ActiveCfg = Debug|Any CPU
		{44268FBA-6233-4CA9-9AF2-BBA5B8FD0683}.Debug|Any CPU.Build.0 = Debug|Any CPU
		{44268FBA-6233-4CA9-9AF2-BBA5B8FD0683}.Release|Any CPU.ActiveCfg = Release|Any CPU
		{44268FBA-6233-4CA9-9AF2-BBA5B8FD0683}.Release|Any CPU.Build.0 = Release|Any CPU
	EndGlobalSection
EndGlobal
