
Microsoft Visual Studio Solution File, Format Version 12.00
Project("{2150E333-8FDC-42A3-9474-1A3956D46DE8}") = "src", "src", "{28C2F18E-9D7A-4018-8910-3AB3F28D9429}"
EndProject
Project("{2150E333-8FDC-42A3-9474-1A3956D46DE8}") = "test", "test", "{BCDA7B27-D42E-422C-B917-E39D8CBC681A}"
EndProject
Project("{FAE04EC0-301F-11D3-BF4B-00C04F79EFBC}") = "Domain", "src\Domain\Domain.csproj", "{2B6B6F56-487A-4103-8EB8-13EFB15A9800}"
EndProject
Project("{FAE04EC0-301F-11D3-BF4B-00C04F79EFBC}") = "Application", "src\Application\Application.csproj", "{733E3EAF-6B00-4D3C-B968-580AAB4413B8}"
EndProject
Project("{FAE04EC0-301F-11D3-BF4B-00C04F79EFBC}") = "Infrastructure", "src\Infrastructure\Infrastructure.csproj", "{B4F2563B-6540-4CFD-876D-13136A80A388}"
EndProject
Project("{FAE04EC0-301F-11D3-BF4B-00C04F79EFBC}") = "WebAPI", "src\WebAPI\WebAPI.csproj", "{3DA8A659-6E85-4B59-B6C5-4AEA32AC1FB6}"
EndProject
Global
	GlobalSection(SolutionConfigurationPlatforms) = preSolution
		Debug|Any CPU = Debug|Any CPU
		Release|Any CPU = Release|Any CPU
	EndGlobalSection
	GlobalSection(ProjectConfigurationPlatforms) = postSolution
		{78F8F219-1B6D-4713-8660-F0FFEB8A7359}.Debug|Any CPU.ActiveCfg = Debug|Any CPU
		{78F8F219-1B6D-4713-8660-F0FFEB8A7359}.Debug|Any CPU.Build.0 = Debug|Any CPU
		{78F8F219-1B6D-4713-8660-F0FFEB8A7359}.Release|Any CPU.ActiveCfg = Release|Any CPU
		{78F8F219-1B6D-4713-8660-F0FFEB8A7359}.Release|Any CPU.Build.0 = Release|Any CPU
		{2B6B6F56-487A-4103-8EB8-13EFB15A9800}.Debug|Any CPU.ActiveCfg = Debug|Any CPU
		{2B6B6F56-487A-4103-8EB8-13EFB15A9800}.Debug|Any CPU.Build.0 = Debug|Any CPU
		{2B6B6F56-487A-4103-8EB8-13EFB15A9800}.Release|Any CPU.ActiveCfg = Release|Any CPU
		{2B6B6F56-487A-4103-8EB8-13EFB15A9800}.Release|Any CPU.Build.0 = Release|Any CPU
		{733E3EAF-6B00-4D3C-B968-580AAB4413B8}.Debug|Any CPU.ActiveCfg = Debug|Any CPU
		{733E3EAF-6B00-4D3C-B968-580AAB4413B8}.Debug|Any CPU.Build.0 = Debug|Any CPU
		{733E3EAF-6B00-4D3C-B968-580AAB4413B8}.Release|Any CPU.ActiveCfg = Release|Any CPU
		{733E3EAF-6B00-4D3C-B968-580AAB4413B8}.Release|Any CPU.Build.0 = Release|Any CPU
		{B4F2563B-6540-4CFD-876D-13136A80A388}.Debug|Any CPU.ActiveCfg = Debug|Any CPU
		{B4F2563B-6540-4CFD-876D-13136A80A388}.Debug|Any CPU.Build.0 = Debug|Any CPU
		{B4F2563B-6540-4CFD-876D-13136A80A388}.Release|Any CPU.ActiveCfg = Release|Any CPU
		{B4F2563B-6540-4CFD-876D-13136A80A388}.Release|Any CPU.Build.0 = Release|Any CPU
		{3DA8A659-6E85-4B59-B6C5-4AEA32AC1FB6}.Debug|Any CPU.ActiveCfg = Debug|Any CPU
		{3DA8A659-6E85-4B59-B6C5-4AEA32AC1FB6}.Debug|Any CPU.Build.0 = Debug|Any CPU
		{3DA8A659-6E85-4B59-B6C5-4AEA32AC1FB6}.Release|Any CPU.ActiveCfg = Release|Any CPU
		{3DA8A659-6E85-4B59-B6C5-4AEA32AC1FB6}.Release|Any CPU.Build.0 = Release|Any CPU
	EndGlobalSection
	GlobalSection(NestedProjects) = preSolution
		{2B6B6F56-487A-4103-8EB8-13EFB15A9800} = {28C2F18E-9D7A-4018-8910-3AB3F28D9429}
		{733E3EAF-6B00-4D3C-B968-580AAB4413B8} = {28C2F18E-9D7A-4018-8910-3AB3F28D9429}
		{B4F2563B-6540-4CFD-876D-13136A80A388} = {28C2F18E-9D7A-4018-8910-3AB3F28D9429}
		{3DA8A659-6E85-4B59-B6C5-4AEA32AC1FB6} = {28C2F18E-9D7A-4018-8910-3AB3F28D9429}
	EndGlobalSection
EndGlobal
